
Microsoft Visual Studio Solution File, Format Version 12.00
# Visual Studio Version 17
VisualStudioVersion = 17.10.35013.160
MinimumVisualStudioVersion = 10.0.40219.1
Project("{2150E333-8FDC-42A3-9474-1A3956D46DE8}") = "src", "src", "{439824C7-485F-4274-B2F2-1C08E9D4F15F}"
EndProject
Project("{2150E333-8FDC-42A3-9474-1A3956D46DE8}") = "test", "test", "{D49B9367-2488-445F-9173-4977C926FA27}"
EndProject
Project("{9A19103F-16F7-4668-BE54-9A1E7A4F7556}") = "API", "test\API\API.csproj", "{C5E5B1A0-94FC-47D4-B169-7C9907519FFD}"
EndProject
Project("{9A19103F-16F7-4668-BE54-9A1E7A4F7556}") = "EntityFrameworkCore.Utils", "src\EntityFrameworkCore.Utils\EntityFrameworkCore.Utils.csproj", "{38C00F9B-7E41-40AA-8400-249E2948A223}"
EndProject
Global
	GlobalSection(SolutionConfigurationPlatforms) = preSolution
		Debug|Any CPU = Debug|Any CPU
		Release|Any CPU = Release|Any CPU
	EndGlobalSection
	GlobalSection(ProjectConfigurationPlatforms) = postSolution
		{C5E5B1A0-94FC-47D4-B169-7C9907519FFD}.Debug|Any CPU.ActiveCfg = Debug|Any CPU
		{C5E5B1A0-94FC-47D4-B169-7C9907519FFD}.Debug|Any CPU.Build.0 = Debug|Any CPU
		{C5E5B1A0-94FC-47D4-B169-7C9907519FFD}.Release|Any CPU.ActiveCfg = Release|Any CPU
		{C5E5B1A0-94FC-47D4-B169-7C9907519FFD}.Release|Any CPU.Build.0 = Release|Any CPU
		{38C00F9B-7E41-40AA-8400-249E2948A223}.Debug|Any CPU.ActiveCfg = Debug|Any CPU
		{38C00F9B-7E41-40AA-8400-249E2948A223}.Debug|Any CPU.Build.0 = Debug|Any CPU
		{38C00F9B-7E41-40AA-8400-249E2948A223}.Release|Any CPU.ActiveCfg = Release|Any CPU
		{38C00F9B-7E41-40AA-8400-249E2948A223}.Release|Any CPU.Build.0 = Release|Any CPU
	EndGlobalSection
	GlobalSection(SolutionProperties) = preSolution
		HideSolutionNode = FALSE
	EndGlobalSection
	GlobalSection(NestedProjects) = preSolution
		{C5E5B1A0-94FC-47D4-B169-7C9907519FFD} = {D49B9367-2488-445F-9173-4977C926FA27}
		{38C00F9B-7E41-40AA-8400-249E2948A223} = {439824C7-485F-4274-B2F2-1C08E9D4F15F}
	EndGlobalSection
	GlobalSection(ExtensibilityGlobals) = postSolution
		SolutionGuid = {2DE67B92-B199-4163-B6A7-84D455564DE8}
	EndGlobalSection
EndGlobal
